
Microsoft Visual Studio Solution File, Format Version 12.00
# Visual Studio Version 17
VisualStudioVersion = 17.7.34031.279
MinimumVisualStudioVersion = 10.0.40219.1
Project("{FAE04EC0-301F-11D3-BF4B-00C04F79EFBC}") = "ProyectoChart", "ProyectoChart.csproj", "{9868CC5C-7BB8-428F-9853-22FFD599C088}"
EndProject
Global
	GlobalSection(SolutionConfigurationPlatforms) = preSolution
		Debug|Any CPU = Debug|Any CPU
		Release|Any CPU = Release|Any CPU
	EndGlobalSection
	GlobalSection(ProjectConfigurationPlatforms) = postSolution
		{9868CC5C-7BB8-428F-9853-22FFD599C088}.Debug|Any CPU.ActiveCfg = Debug|Any CPU
		{9868CC5C-7BB8-428F-9853-22FFD599C088}.Debug|Any CPU.Build.0 = Debug|Any CPU
		{9868CC5C-7BB8-428F-9853-22FFD599C088}.Release|Any CPU.ActiveCfg = Release|Any CPU
		{9868CC5C-7BB8-428F-9853-22FFD599C088}.Release|Any CPU.Build.0 = Release|Any CPU
	EndGlobalSection
	GlobalSection(SolutionProperties) = preSolution
		HideSolutionNode = FALSE
	EndGlobalSection
	GlobalSection(ExtensibilityGlobals) = postSolution
		SolutionGuid = {A4F793C0-2F14-4873-9AFB-A2958C6D662B}
	EndGlobalSection
EndGlobal
